
Microsoft Visual Studio Solution File, Format Version 12.00
# Visual Studio Version 16
VisualStudioVersion = 16.0.29519.181
MinimumVisualStudioVersion = 10.0.40219.1
Project("{FAE04EC0-301F-11D3-BF4B-00C04F79EFBC}") = "ConsoleAppTask1", "ConsoleAppTask1\ConsoleAppTask1.csproj", "{2EE878BA-A684-458F-AE62-31A26317DD0C}"
EndProject
Global
	GlobalSection(SolutionConfigurationPlatforms) = preSolution
		Debug|Any CPU = Debug|Any CPU
		Release|Any CPU = Release|Any CPU
	EndGlobalSection
	GlobalSection(ProjectConfigurationPlatforms) = postSolution
		{2EE878BA-A684-458F-AE62-31A26317DD0C}.Debug|Any CPU.ActiveCfg = Debug|Any CPU
		{2EE878BA-A684-458F-AE62-31A26317DD0C}.Debug|Any CPU.Build.0 = Debug|Any CPU
		{2EE878BA-A684-458F-AE62-31A26317DD0C}.Release|Any CPU.ActiveCfg = Release|Any CPU
		{2EE878BA-A684-458F-AE62-31A26317DD0C}.Release|Any CPU.Build.0 = Release|Any CPU
	EndGlobalSection
	GlobalSection(SolutionProperties) = preSolution
		HideSolutionNode = FALSE
	EndGlobalSection
	GlobalSection(ExtensibilityGlobals) = postSolution
		SolutionGuid = {47037EF7-FAA9-4304-B682-9D84786EA7A8}
	EndGlobalSection
EndGlobal
