
Microsoft Visual Studio Solution File, Format Version 12.00
# Visual Studio Version 16
VisualStudioVersion = 16.0.30621.155
MinimumVisualStudioVersion = 10.0.40219.1
Project("{FAE04EC0-301F-11D3-BF4B-00C04F79EFBC}") = "ConsoleAppTask5", "ConsoleAppTask5\ConsoleAppTask5.csproj", "{1110D3DC-7177-4899-826F-0EB0AC6C6E4A}"
EndProject
Global
	GlobalSection(SolutionConfigurationPlatforms) = preSolution
		Debug|Any CPU = Debug|Any CPU
		Release|Any CPU = Release|Any CPU
	EndGlobalSection
	GlobalSection(ProjectConfigurationPlatforms) = postSolution
		{1110D3DC-7177-4899-826F-0EB0AC6C6E4A}.Debug|Any CPU.ActiveCfg = Debug|Any CPU
		{1110D3DC-7177-4899-826F-0EB0AC6C6E4A}.Debug|Any CPU.Build.0 = Debug|Any CPU
		{1110D3DC-7177-4899-826F-0EB0AC6C6E4A}.Release|Any CPU.ActiveCfg = Release|Any CPU
		{1110D3DC-7177-4899-826F-0EB0AC6C6E4A}.Release|Any CPU.Build.0 = Release|Any CPU
	EndGlobalSection
	GlobalSection(SolutionProperties) = preSolution
		HideSolutionNode = FALSE
	EndGlobalSection
	GlobalSection(ExtensibilityGlobals) = postSolution
		SolutionGuid = {656F0032-603E-4C8D-8F72-B10D099508F2}
	EndGlobalSection
EndGlobal
